{
  "object": {
    "pins": [
      {
        "package": "IronOxide",
        "repositoryURL": "https://github.com/IronCoreLabs/ironoxide-swift",
        "state": {
          "branch": "sampleApp",
          "revision": "150f28b6aaf4f0000d01683d03b56995887dd720",
          "version": null
        }
      }
    ]
  },
  "version": 1
}
